{
  "version": 4,
  "terraform_version": "1.5.7",
  "serial": 30,
  "lineage": "e825a0cf-4879-f8dc-78af-11f8505204ec",
  "outputs": {},
  "resources": [
    {
      "mode": "managed",
      "type": "local_file",
      "name": "name",
      "provider": "provider[\"registry.terraform.io/hashicorp/local\"]",
      "instances": [
        {
          "schema_version": 0,
          "attributes": {
            "content": "my favorite pet is Mr. Angel",
            "content_base64": null,
            "content_base64sha256": "sQfurePe2xklWkH9rZ9ZVzvyLgkpfGUySpoRDXI7gRg=",
            "content_base64sha512": "yc3grxt+fWq5ohhaW0vBV01rJiONhhdA/BadqWJVPSbKIuAm8qY4wFJcPX4OqeZKOUB+p16TidfwiiZTntesfA==",
            "content_md5": "4cb4a57039aea57fa8cf47db83a22a8f",
            "content_sha1": "ec376329e4c4cdbb0c9c6193fc781ee444d9463f",
            "content_sha256": "b107eeade3dedb19255a41fdad9f59573bf22e09297c65324a9a110d723b8118",
            "content_sha512": "c9cde0af1b7e7d6ab9a2185a5b4bc1574d6b26238d861740fc169da962553d26ca22e026f2a638c0525c3d7e0ea9e64a39407ea75e9389d7f08a26539ed7ac7c",
            "directory_permission": "0777",
            "file_permission": "0777",
            "filename": "pets.txt",
            "id": "ec376329e4c4cdbb0c9c6193fc781ee444d9463f",
            "sensitive_content": null,
            "source": null
          },
          "sensitive_attributes": []
        }
      ]
    },
    {
      "mode": "managed",
      "type": "random_pet",
      "name": "name",
      "provider": "provider[\"registry.terraform.io/hashicorp/random\"]",
      "instances": [
        {
          "schema_version": 0,
          "attributes": {
            "id": "Mr.snail",
            "keepers": null,
            "length": 1,
            "prefix": "Mr",
            "separator": "."
          },
          "sensitive_attributes": []
        }
      ]
    }
  ],
  "check_results": null
}
