{
  "version": 4,
  "terraform_version": "1.5.7",
  "serial": 41,
  "lineage": "86a7d8c3-1dfa-4cea-ac3d-c3a4865d0f68",
  "outputs": {
    "pet-name": {
      "value": "Mrs.fowl",
      "type": "string"
    }
  },
  "resources": [
    {
      "mode": "managed",
      "type": "local_file",
      "name": "cats",
      "provider": "provider[\"registry.terraform.io/hashicorp/local\"]",
      "instances": [
        {
          "schema_version": 0,
          "attributes": {
            "content": "I love animals",
            "content_base64": null,
            "content_base64sha256": "4XnK274ekOIvwUMOQ+H0TbeEBaLfxcj745KXgGWfUN0=",
            "content_base64sha512": "Ln5B6JFdoz7gFlTKiakQ0fM2W/ATegqO032C6uP7ZLALKFs98JX1jxM+tQlqzWtk8Lk1xoEiKf5g/lQGUvITAQ==",
            "content_md5": "3fdccea0c3cc11d52b58f915f6f2f8f2",
            "content_sha1": "253e577f04b608fb1574769ee1f61e7988ec93fc",
            "content_sha256": "e179cadbbe1e90e22fc1430e43e1f44db78405a2dfc5c8fbe3929780659f50dd",
            "content_sha512": "2e7e41e8915da33ee01654ca89a910d1f3365bf0137a0a8ed37d82eae3fb64b00b285b3df095f58f133eb5096acd6b64f0b935c6812229fe60fe540652f21301",
            "directory_permission": "0777",
            "file_permission": "0777",
            "filename": "petstres.txt",
            "id": "253e577f04b608fb1574769ee1f61e7988ec93fc",
            "sensitive_content": null,
            "source": null
          },
          "sensitive_attributes": []
        }
      ]
    },
    {
      "mode": "managed",
      "type": "local_file",
      "name": "dogs",
      "provider": "provider[\"registry.terraform.io/hashicorp/local\"]",
      "instances": [
        {
          "schema_version": 0,
          "attributes": {
            "content": "I love cats",
            "content_base64": null,
            "content_base64sha256": "YosKaqsS/OpsFaZsW9kgK5Ju9LcXsRilkaN/kPr2tFM=",
            "content_base64sha512": "tqXxu+2/fZOwDFvwEzHxS2BwxoEKc1WQ8HdfTPBYqqrmK4hX5eQHMJ6mvj2C8AsSnABgmvrxX3i9x21lhqUxZg==",
            "content_md5": "584e4d59c580ca10f301d53814b700da",
            "content_sha1": "aa9f05f39211ea80c845af77b88de873f63b14af",
            "content_sha256": "628b0a6aab12fcea6c15a66c5bd9202b926ef4b717b118a591a37f90faf6b453",
            "content_sha512": "b6a5f1bbedbf7d93b00c5bf01331f14b6070c6810a735590f0775f4cf058aaaae62b8857e5e407309ea6be3d82f00b129c00609afaf15f78bdc76d6586a53166",
            "directory_permission": "0777",
            "file_permission": "0777",
            "filename": "petsdos.txt",
            "id": "aa9f05f39211ea80c845af77b88de873f63b14af",
            "sensitive_content": null,
            "source": null
          },
          "sensitive_attributes": []
        }
      ]
    },
    {
      "mode": "managed",
      "type": "local_file",
      "name": "name",
      "provider": "provider[\"registry.terraform.io/hashicorp/local\"]",
      "instances": [
        {
          "index_key": 0,
          "schema_version": 0,
          "attributes": {
            "content": "My favorite pet is Mr. Angel and Faby",
            "content_base64": null,
            "content_base64sha256": "gqCYKZ27yOk1xhKJ//dd78ioejbae7cehsKZ/lNKWwg=",
            "content_base64sha512": "apdTKjCNQ+RRj51/o/6gMrY/KRoX5mlTOSw40oxM4jYt7SVNQRaI7FltfytvhYt36ryTTcRajYqlr1o2dtqWnQ==",
            "content_md5": "dfb360757d983624117cb4325e31104b",
            "content_sha1": "2796157ab088fe304f61e560bdf46fddff646374",
            "content_sha256": "82a098299dbbc8e935c61289fff75defc8a87a36da7bb71e86c299fe534a5b08",
            "content_sha512": "6a97532a308d43e4518f9d7fa3fea032b63f291a17e66953392c38d28c4ce2362ded254d411688ec596d7f2b6f858b77eabc934dc45a8d8aa5af5a3676da969d",
            "directory_permission": "0777",
            "file_permission": "0777",
            "filename": "pet.txt",
            "id": "2796157ab088fe304f61e560bdf46fddff646374",
            "sensitive_content": null,
            "source": null
          },
          "sensitive_attributes": []
        },
        {
          "index_key": 1,
          "schema_version": 0,
          "attributes": {
            "content": "My favorite pet is Mr. Angel and Faby",
            "content_base64": null,
            "content_base64sha256": "gqCYKZ27yOk1xhKJ//dd78ioejbae7cehsKZ/lNKWwg=",
            "content_base64sha512": "apdTKjCNQ+RRj51/o/6gMrY/KRoX5mlTOSw40oxM4jYt7SVNQRaI7FltfytvhYt36ryTTcRajYqlr1o2dtqWnQ==",
            "content_md5": "dfb360757d983624117cb4325e31104b",
            "content_sha1": "2796157ab088fe304f61e560bdf46fddff646374",
            "content_sha256": "82a098299dbbc8e935c61289fff75defc8a87a36da7bb71e86c299fe534a5b08",
            "content_sha512": "6a97532a308d43e4518f9d7fa3fea032b63f291a17e66953392c38d28c4ce2362ded254d411688ec596d7f2b6f858b77eabc934dc45a8d8aa5af5a3676da969d",
            "directory_permission": "0777",
            "file_permission": "0777",
            "filename": "cat.txt",
            "id": "2796157ab088fe304f61e560bdf46fddff646374",
            "sensitive_content": null,
            "source": null
          },
          "sensitive_attributes": []
        },
        {
          "index_key": 2,
          "schema_version": 0,
          "attributes": {
            "content": "My favorite pet is Mr. Angel and Faby",
            "content_base64": null,
            "content_base64sha256": "gqCYKZ27yOk1xhKJ//dd78ioejbae7cehsKZ/lNKWwg=",
            "content_base64sha512": "apdTKjCNQ+RRj51/o/6gMrY/KRoX5mlTOSw40oxM4jYt7SVNQRaI7FltfytvhYt36ryTTcRajYqlr1o2dtqWnQ==",
            "content_md5": "dfb360757d983624117cb4325e31104b",
            "content_sha1": "2796157ab088fe304f61e560bdf46fddff646374",
            "content_sha256": "82a098299dbbc8e935c61289fff75defc8a87a36da7bb71e86c299fe534a5b08",
            "content_sha512": "6a97532a308d43e4518f9d7fa3fea032b63f291a17e66953392c38d28c4ce2362ded254d411688ec596d7f2b6f858b77eabc934dc45a8d8aa5af5a3676da969d",
            "directory_permission": "0777",
            "file_permission": "0777",
            "filename": "dog.txt",
            "id": "2796157ab088fe304f61e560bdf46fddff646374",
            "sensitive_content": null,
            "source": null
          },
          "sensitive_attributes": []
        },
        {
          "index_key": 3,
          "schema_version": 0,
          "attributes": {
            "content": "My favorite pet is Mr. Angel and Faby",
            "content_base64": null,
            "content_base64sha256": "gqCYKZ27yOk1xhKJ//dd78ioejbae7cehsKZ/lNKWwg=",
            "content_base64sha512": "apdTKjCNQ+RRj51/o/6gMrY/KRoX5mlTOSw40oxM4jYt7SVNQRaI7FltfytvhYt36ryTTcRajYqlr1o2dtqWnQ==",
            "content_md5": "dfb360757d983624117cb4325e31104b",
            "content_sha1": "2796157ab088fe304f61e560bdf46fddff646374",
            "content_sha256": "82a098299dbbc8e935c61289fff75defc8a87a36da7bb71e86c299fe534a5b08",
            "content_sha512": "6a97532a308d43e4518f9d7fa3fea032b63f291a17e66953392c38d28c4ce2362ded254d411688ec596d7f2b6f858b77eabc934dc45a8d8aa5af5a3676da969d",
            "directory_permission": "0777",
            "file_permission": "0777",
            "filename": "mantisreligiosa.txt",
            "id": "2796157ab088fe304f61e560bdf46fddff646374",
            "sensitive_content": null,
            "source": null
          },
          "sensitive_attributes": []
        },
        {
          "index_key": 4,
          "schema_version": 0,
          "attributes": {
            "content": "My favorite pet is Mr. Angel and Faby",
            "content_base64": null,
            "content_base64sha256": "gqCYKZ27yOk1xhKJ//dd78ioejbae7cehsKZ/lNKWwg=",
            "content_base64sha512": "apdTKjCNQ+RRj51/o/6gMrY/KRoX5mlTOSw40oxM4jYt7SVNQRaI7FltfytvhYt36ryTTcRajYqlr1o2dtqWnQ==",
            "content_md5": "dfb360757d983624117cb4325e31104b",
            "content_sha1": "2796157ab088fe304f61e560bdf46fddff646374",
            "content_sha256": "82a098299dbbc8e935c61289fff75defc8a87a36da7bb71e86c299fe534a5b08",
            "content_sha512": "6a97532a308d43e4518f9d7fa3fea032b63f291a17e66953392c38d28c4ce2362ded254d411688ec596d7f2b6f858b77eabc934dc45a8d8aa5af5a3676da969d",
            "directory_permission": "0777",
            "file_permission": "0777",
            "filename": "patica.txt",
            "id": "2796157ab088fe304f61e560bdf46fddff646374",
            "sensitive_content": null,
            "source": null
          },
          "sensitive_attributes": []
        }
      ]
    },
    {
      "mode": "managed",
      "type": "local_file",
      "name": "pet-name",
      "provider": "provider[\"registry.terraform.io/hashicorp/local\"]",
      "instances": [
        {
          "schema_version": 0,
          "attributes": {
            "content": "My favorite pet is Mrs.fowl",
            "content_base64": null,
            "content_base64sha256": "yGmL0JikopIfYWCxbwfMjmawfJL+C4flROmb/iFmLwU=",
            "content_base64sha512": "CI76jEdmoKrJuYsy5quhJ4XmOi+K+nXWb7Gpx2WCXyXBQXwqWMz5splHD87mc1KXnhUV1o+jNLQJQPsoVRR7xA==",
            "content_md5": "33455011ffc5cc58d9209459617588e1",
            "content_sha1": "7d1509bfdca7b6e1d9c72e878f37cc58b9278011",
            "content_sha256": "c8698bd098a4a2921f6160b16f07cc8e66b07c92fe0b87e544e99bfe21662f05",
            "content_sha512": "088efa8c4766a0aac9b98b32e6aba12785e63a2f8afa75d66fb1a9c765825f25c1417c2a58ccf9b299470fcee67352979e1515d68fa334b40940fb2855147bc4",
            "directory_permission": "0777",
            "file_permission": "0777",
            "filename": "Mrs.fowl.txt",
            "id": "7d1509bfdca7b6e1d9c72e878f37cc58b9278011",
            "sensitive_content": null,
            "source": null
          },
          "sensitive_attributes": [],
          "dependencies": [
            "random_pet.my-pet"
          ]
        }
      ]
    },
    {
      "mode": "managed",
      "type": "local_file",
      "name": "pets",
      "provider": "provider[\"registry.terraform.io/hashicorp/local\"]",
      "instances": [
        {
          "schema_version": 0,
          "attributes": {
            "content": "I love dogs",
            "content_base64": null,
            "content_base64sha256": "0ivGRsKUXJs//4vjDlYEGHGvXguijA5uzy6CqSdxqqs=",
            "content_base64sha512": "ol760sKcMl+x40Zz499onj3Xe05O1u/lTQBYtwpBDPmWjDmhqP7IpWYN0NFjC/7v+aeAQ5LHq9PpaiQhD7+Yaw==",
            "content_md5": "a7f6bde30206ba75668000f56f0fea9a",
            "content_sha1": "3f3ded393feee092402b829715083249ae6cfb69",
            "content_sha256": "d22bc646c2945c9b3fff8be30e56041871af5e0ba28c0e6ecf2e82a92771aaab",
            "content_sha512": "a25efad2c29c325fb1e34673e3df689e3dd77b4e4ed6efe54d0058b70a410cf9968c39a1a8fec8a5660dd0d1630bfeeff9a7804392c7abd3e96a24210fbf986b",
            "directory_permission": "0777",
            "file_permission": "0777",
            "filename": "petsuno.txt",
            "id": "3f3ded393feee092402b829715083249ae6cfb69",
            "sensitive_content": null,
            "source": null
          },
          "sensitive_attributes": []
        }
      ]
    },
    {
      "mode": "managed",
      "type": "random_pet",
      "name": "cats",
      "provider": "provider[\"registry.terraform.io/hashicorp/random\"]",
      "instances": [
        {
          "schema_version": 0,
          "attributes": {
            "id": "Mrs.duckling",
            "keepers": null,
            "length": 1,
            "prefix": "Mrs",
            "separator": "."
          },
          "sensitive_attributes": []
        }
      ]
    },
    {
      "mode": "managed",
      "type": "random_pet",
      "name": "dogs",
      "provider": "provider[\"registry.terraform.io/hashicorp/random\"]",
      "instances": [
        {
          "schema_version": 0,
          "attributes": {
            "id": "Mrs.satyr",
            "keepers": null,
            "length": 1,
            "prefix": "Mrs",
            "separator": "."
          },
          "sensitive_attributes": []
        }
      ]
    },
    {
      "mode": "managed",
      "type": "random_pet",
      "name": "my-pet",
      "provider": "provider[\"registry.terraform.io/hashicorp/random\"]",
      "instances": [
        {
          "schema_version": 0,
          "attributes": {
            "id": "Mrs.fowl",
            "keepers": null,
            "length": 1,
            "prefix": "Mrs",
            "separator": "."
          },
          "sensitive_attributes": []
        }
      ]
    },
    {
      "mode": "managed",
      "type": "random_pet",
      "name": "name",
      "provider": "provider[\"registry.terraform.io/hashicorp/random\"]",
      "instances": [
        {
          "schema_version": 0,
          "attributes": {
            "id": "Sir.ant",
            "keepers": null,
            "length": 1,
            "prefix": "Sir",
            "separator": "."
          },
          "sensitive_attributes": []
        }
      ]
    },
    {
      "mode": "managed",
      "type": "random_pet",
      "name": "pets",
      "provider": "provider[\"registry.terraform.io/hashicorp/random\"]",
      "instances": [
        {
          "schema_version": 0,
          "attributes": {
            "id": "Mrs.wahoo",
            "keepers": null,
            "length": 1,
            "prefix": "Mrs",
            "separator": "."
          },
          "sensitive_attributes": []
        }
      ]
    }
  ],
  "check_results": null
}
